
Microsoft Visual Studio Solution File, Format Version 9.00
# Visual Studio 2005
Project("{8BC9CEB8-8B4A-11D0-8D11-00A0C91BC942}") = "testarm", "testarm.vcproj", "{20C75B9D-EE1C-486D-A6A1-C4C6C9A46DD7}"
	ProjectSection(ProjectDependencies) = postProject
		{1BB1C475-03F1-4BC1-BD7F-CB0254EBCF57} = {1BB1C475-03F1-4BC1-BD7F-CB0254EBCF57}
	EndProjectSection
EndProject
Project("{8BC9CEB8-8B4A-11D0-8D11-00A0C91BC942}") = "libtremolo", "..\libtremolo\libtremolo.vcproj", "{1BB1C475-03F1-4BC1-BD7F-CB0254EBCF57}"
EndProject
Global
	GlobalSection(SolutionConfigurationPlatforms) = preSolution
		Debug|Win32 = Debug|Win32
		Debug|Windows Mobile 5.0 Pocket PC SDK (ARMV4I) = Debug|Windows Mobile 5.0 Pocket PC SDK (ARMV4I)
		Debug|Windows Mobile 5.0 Smartphone SDK (ARMV4I) = Debug|Windows Mobile 5.0 Smartphone SDK (ARMV4I)
		Debug|Windows Mobile 6 Professional SDK (ARMV4I) = Debug|Windows Mobile 6 Professional SDK (ARMV4I)
		Debug|x64 = Debug|x64
		Release|Win32 = Release|Win32
		Release|Windows Mobile 5.0 Pocket PC SDK (ARMV4I) = Release|Windows Mobile 5.0 Pocket PC SDK (ARMV4I)
		Release|Windows Mobile 5.0 Smartphone SDK (ARMV4I) = Release|Windows Mobile 5.0 Smartphone SDK (ARMV4I)
		Release|Windows Mobile 6 Professional SDK (ARMV4I) = Release|Windows Mobile 6 Professional SDK (ARMV4I)
		Release|x64 = Release|x64
	EndGlobalSection
	GlobalSection(ProjectConfigurationPlatforms) = postSolution
		{20C75B9D-EE1C-486D-A6A1-C4C6C9A46DD7}.Debug|Win32.ActiveCfg = Debug|Win32
		{20C75B9D-EE1C-486D-A6A1-C4C6C9A46DD7}.Debug|Win32.Build.0 = Debug|Win32
		{20C75B9D-EE1C-486D-A6A1-C4C6C9A46DD7}.Debug|Windows Mobile 5.0 Pocket PC SDK (ARMV4I).ActiveCfg = Debug|Windows Mobile 5.0 Pocket PC SDK (ARMV4I)
		{20C75B9D-EE1C-486D-A6A1-C4C6C9A46DD7}.Debug|Windows Mobile 5.0 Pocket PC SDK (ARMV4I).Build.0 = Debug|Windows Mobile 5.0 Pocket PC SDK (ARMV4I)
		{20C75B9D-EE1C-486D-A6A1-C4C6C9A46DD7}.Debug|Windows Mobile 5.0 Pocket PC SDK (ARMV4I).Deploy.0 = Debug|Windows Mobile 5.0 Pocket PC SDK (ARMV4I)
		{20C75B9D-EE1C-486D-A6A1-C4C6C9A46DD7}.Debug|Windows Mobile 5.0 Smartphone SDK (ARMV4I).ActiveCfg = Debug|Windows Mobile 5.0 Smartphone SDK (ARMV4I)
		{20C75B9D-EE1C-486D-A6A1-C4C6C9A46DD7}.Debug|Windows Mobile 5.0 Smartphone SDK (ARMV4I).Build.0 = Debug|Windows Mobile 5.0 Smartphone SDK (ARMV4I)
		{20C75B9D-EE1C-486D-A6A1-C4C6C9A46DD7}.Debug|Windows Mobile 5.0 Smartphone SDK (ARMV4I).Deploy.0 = Debug|Windows Mobile 5.0 Smartphone SDK (ARMV4I)
		{20C75B9D-EE1C-486D-A6A1-C4C6C9A46DD7}.Debug|Windows Mobile 6 Professional SDK (ARMV4I).ActiveCfg = Debug|Windows Mobile 6 Professional SDK (ARMV4I)
		{20C75B9D-EE1C-486D-A6A1-C4C6C9A46DD7}.Debug|Windows Mobile 6 Professional SDK (ARMV4I).Build.0 = Debug|Windows Mobile 6 Professional SDK (ARMV4I)
		{20C75B9D-EE1C-486D-A6A1-C4C6C9A46DD7}.Debug|Windows Mobile 6 Professional SDK (ARMV4I).Deploy.0 = Debug|Windows Mobile 6 Professional SDK (ARMV4I)
		{20C75B9D-EE1C-486D-A6A1-C4C6C9A46DD7}.Debug|x64.ActiveCfg = Debug|Windows Mobile 6 Professional SDK (ARMV4I)
		{20C75B9D-EE1C-486D-A6A1-C4C6C9A46DD7}.Release|Win32.ActiveCfg = Release|Win32
		{20C75B9D-EE1C-486D-A6A1-C4C6C9A46DD7}.Release|Win32.Build.0 = Release|Win32
		{20C75B9D-EE1C-486D-A6A1-C4C6C9A46DD7}.Release|Windows Mobile 5.0 Pocket PC SDK (ARMV4I).ActiveCfg = Release|Windows Mobile 5.0 Pocket PC SDK (ARMV4I)
		{20C75B9D-EE1C-486D-A6A1-C4C6C9A46DD7}.Release|Windows Mobile 5.0 Pocket PC SDK (ARMV4I).Build.0 = Release|Windows Mobile 5.0 Pocket PC SDK (ARMV4I)
		{20C75B9D-EE1C-486D-A6A1-C4C6C9A46DD7}.Release|Windows Mobile 5.0 Pocket PC SDK (ARMV4I).Deploy.0 = Release|Windows Mobile 5.0 Pocket PC SDK (ARMV4I)
		{20C75B9D-EE1C-486D-A6A1-C4C6C9A46DD7}.Release|Windows Mobile 5.0 Smartphone SDK (ARMV4I).ActiveCfg = Release|Windows Mobile 5.0 Smartphone SDK (ARMV4I)
		{20C75B9D-EE1C-486D-A6A1-C4C6C9A46DD7}.Release|Windows Mobile 5.0 Smartphone SDK (ARMV4I).Build.0 = Release|Windows Mobile 5.0 Smartphone SDK (ARMV4I)
		{20C75B9D-EE1C-486D-A6A1-C4C6C9A46DD7}.Release|Windows Mobile 5.0 Smartphone SDK (ARMV4I).Deploy.0 = Release|Windows Mobile 5.0 Smartphone SDK (ARMV4I)
		{20C75B9D-EE1C-486D-A6A1-C4C6C9A46DD7}.Release|Windows Mobile 6 Professional SDK (ARMV4I).ActiveCfg = Release|Windows Mobile 6 Professional SDK (ARMV4I)
		{20C75B9D-EE1C-486D-A6A1-C4C6C9A46DD7}.Release|Windows Mobile 6 Professional SDK (ARMV4I).Build.0 = Release|Windows Mobile 6 Professional SDK (ARMV4I)
		{20C75B9D-EE1C-486D-A6A1-C4C6C9A46DD7}.Release|Windows Mobile 6 Professional SDK (ARMV4I).Deploy.0 = Release|Windows Mobile 6 Professional SDK (ARMV4I)
		{20C75B9D-EE1C-486D-A6A1-C4C6C9A46DD7}.Release|x64.ActiveCfg = Release|Windows Mobile 6 Professional SDK (ARMV4I)
		{1BB1C475-03F1-4BC1-BD7F-CB0254EBCF57}.Debug|Win32.ActiveCfg = Debug|Win32
		{1BB1C475-03F1-4BC1-BD7F-CB0254EBCF57}.Debug|Win32.Build.0 = Debug|Win32
		{1BB1C475-03F1-4BC1-BD7F-CB0254EBCF57}.Debug|Windows Mobile 5.0 Pocket PC SDK (ARMV4I).ActiveCfg = Debug|Windows Mobile 5.0 Pocket PC SDK (ARMV4I)
		{1BB1C475-03F1-4BC1-BD7F-CB0254EBCF57}.Debug|Windows Mobile 5.0 Pocket PC SDK (ARMV4I).Build.0 = Debug|Windows Mobile 5.0 Pocket PC SDK (ARMV4I)
		{1BB1C475-03F1-4BC1-BD7F-CB0254EBCF57}.Debug|Windows Mobile 5.0 Pocket PC SDK (ARMV4I).Deploy.0 = Debug|Windows Mobile 5.0 Pocket PC SDK (ARMV4I)
		{1BB1C475-03F1-4BC1-BD7F-CB0254EBCF57}.Debug|Windows Mobile 5.0 Smartphone SDK (ARMV4I).ActiveCfg = Debug|Windows Mobile 5.0 Smartphone SDK (ARMV4I)
		{1BB1C475-03F1-4BC1-BD7F-CB0254EBCF57}.Debug|Windows Mobile 5.0 Smartphone SDK (ARMV4I).Build.0 = Debug|Windows Mobile 5.0 Smartphone SDK (ARMV4I)
		{1BB1C475-03F1-4BC1-BD7F-CB0254EBCF57}.Debug|Windows Mobile 5.0 Smartphone SDK (ARMV4I).Deploy.0 = Debug|Windows Mobile 5.0 Smartphone SDK (ARMV4I)
		{1BB1C475-03F1-4BC1-BD7F-CB0254EBCF57}.Debug|Windows Mobile 6 Professional SDK (ARMV4I).ActiveCfg = Debug|Windows Mobile 6 Professional SDK (ARMV4I)
		{1BB1C475-03F1-4BC1-BD7F-CB0254EBCF57}.Debug|Windows Mobile 6 Professional SDK (ARMV4I).Build.0 = Debug|Windows Mobile 6 Professional SDK (ARMV4I)
		{1BB1C475-03F1-4BC1-BD7F-CB0254EBCF57}.Debug|Windows Mobile 6 Professional SDK (ARMV4I).Deploy.0 = Debug|Windows Mobile 6 Professional SDK (ARMV4I)
		{1BB1C475-03F1-4BC1-BD7F-CB0254EBCF57}.Debug|x64.ActiveCfg = Debug|x64
		{1BB1C475-03F1-4BC1-BD7F-CB0254EBCF57}.Debug|x64.Build.0 = Debug|x64
		{1BB1C475-03F1-4BC1-BD7F-CB0254EBCF57}.Release|Win32.ActiveCfg = Release|Win32
		{1BB1C475-03F1-4BC1-BD7F-CB0254EBCF57}.Release|Win32.Build.0 = Release|Win32
		{1BB1C475-03F1-4BC1-BD7F-CB0254EBCF57}.Release|Windows Mobile 5.0 Pocket PC SDK (ARMV4I).ActiveCfg = Release|Windows Mobile 5.0 Pocket PC SDK (ARMV4I)
		{1BB1C475-03F1-4BC1-BD7F-CB0254EBCF57}.Release|Windows Mobile 5.0 Pocket PC SDK (ARMV4I).Build.0 = Release|Windows Mobile 5.0 Pocket PC SDK (ARMV4I)
		{1BB1C475-03F1-4BC1-BD7F-CB0254EBCF57}.Release|Windows Mobile 5.0 Pocket PC SDK (ARMV4I).Deploy.0 = Release|Windows Mobile 5.0 Pocket PC SDK (ARMV4I)
		{1BB1C475-03F1-4BC1-BD7F-CB0254EBCF57}.Release|Windows Mobile 5.0 Smartphone SDK (ARMV4I).ActiveCfg = Release|Windows Mobile 5.0 Smartphone SDK (ARMV4I)
		{1BB1C475-03F1-4BC1-BD7F-CB0254EBCF57}.Release|Windows Mobile 5.0 Smartphone SDK (ARMV4I).Build.0 = Release|Windows Mobile 5.0 Smartphone SDK (ARMV4I)
		{1BB1C475-03F1-4BC1-BD7F-CB0254EBCF57}.Release|Windows Mobile 5.0 Smartphone SDK (ARMV4I).Deploy.0 = Release|Windows Mobile 5.0 Smartphone SDK (ARMV4I)
		{1BB1C475-03F1-4BC1-BD7F-CB0254EBCF57}.Release|Windows Mobile 6 Professional SDK (ARMV4I).ActiveCfg = Release|Windows Mobile 6 Professional SDK (ARMV4I)
		{1BB1C475-03F1-4BC1-BD7F-CB0254EBCF57}.Release|Windows Mobile 6 Professional SDK (ARMV4I).Build.0 = Release|Windows Mobile 6 Professional SDK (ARMV4I)
		{1BB1C475-03F1-4BC1-BD7F-CB0254EBCF57}.Release|Windows Mobile 6 Professional SDK (ARMV4I).Deploy.0 = Release|Windows Mobile 6 Professional SDK (ARMV4I)
		{1BB1C475-03F1-4BC1-BD7F-CB0254EBCF57}.Release|x64.ActiveCfg = Release|x64
		{1BB1C475-03F1-4BC1-BD7F-CB0254EBCF57}.Release|x64.Build.0 = Release|x64
	EndGlobalSection
	GlobalSection(SolutionProperties) = preSolution
		HideSolutionNode = FALSE
	EndGlobalSection
EndGlobal
